
Microsoft Visual Studio Solution File, Format Version 12.00
# Visual Studio Version 17
VisualStudioVersion = 17.0.31903.59
MinimumVisualStudioVersion = 10.0.40219.1
Project("{FAE04EC0-301F-11D3-BF4B-00C04F79EFBC}") = "Calculator", "Calculator\Calculator.csproj", "{4D02DB60-A533-4D5C-93C3-AA3289D4392C}"
EndProject
Project("{FAE04EC0-301F-11D3-BF4B-00C04F79EFBC}") = "Calculator.Tests", "Calculator.Tests\Calculator.Tests.csproj", "{D6973FB2-F021-4859-B650-F59E48061F3C}"
EndProject
Project("{FAE04EC0-301F-11D3-BF4B-00C04F79EFBC}") = "Calculator.Maui", "Calculator.Maui\Calculator.Maui.csproj", "{C4B0F6C1-234C-45DB-BAB7-44684EE74609}"
EndProject
Global
	GlobalSection(SolutionConfigurationPlatforms) = preSolution
		Debug|Any CPU = Debug|Any CPU
		Release|Any CPU = Release|Any CPU
	EndGlobalSection
	GlobalSection(ProjectConfigurationPlatforms) = postSolution
		{4D02DB60-A533-4D5C-93C3-AA3289D4392C}.Debug|Any CPU.ActiveCfg = Debug|Any CPU
		{4D02DB60-A533-4D5C-93C3-AA3289D4392C}.Debug|Any CPU.Build.0 = Debug|Any CPU
		{4D02DB60-A533-4D5C-93C3-AA3289D4392C}.Release|Any CPU.ActiveCfg = Release|Any CPU
		{4D02DB60-A533-4D5C-93C3-AA3289D4392C}.Release|Any CPU.Build.0 = Release|Any CPU
		{D6973FB2-F021-4859-B650-F59E48061F3C}.Debug|Any CPU.ActiveCfg = Debug|Any CPU
		{D6973FB2-F021-4859-B650-F59E48061F3C}.Debug|Any CPU.Build.0 = Debug|Any CPU
		{D6973FB2-F021-4859-B650-F59E48061F3C}.Release|Any CPU.ActiveCfg = Release|Any CPU
		{D6973FB2-F021-4859-B650-F59E48061F3C}.Release|Any CPU.Build.0 = Release|Any CPU
		{C4B0F6C1-234C-45DB-BAB7-44684EE74609}.Debug|Any CPU.ActiveCfg = Debug|Any CPU
		{C4B0F6C1-234C-45DB-BAB7-44684EE74609}.Debug|Any CPU.Build.0 = Debug|Any CPU
		{C4B0F6C1-234C-45DB-BAB7-44684EE74609}.Debug|Any CPU.Deploy.0 = Debug|Any CPU
		{C4B0F6C1-234C-45DB-BAB7-44684EE74609}.Release|Any CPU.ActiveCfg = Release|Any CPU
		{C4B0F6C1-234C-45DB-BAB7-44684EE74609}.Release|Any CPU.Build.0 = Release|Any CPU
		{C4B0F6C1-234C-45DB-BAB7-44684EE74609}.Release|Any CPU.Deploy.0 = Release|Any CPU
	EndGlobalSection
	GlobalSection(SolutionProperties) = preSolution
		HideSolutionNode = FALSE
	EndGlobalSection
	GlobalSection(ExtensibilityGlobals) = postSolution
		SolutionGuid = {D937EEE7-1CA1-4BDD-AD43-8602C05ADF83}
	EndGlobalSection
EndGlobal
